// !$*UTF8*$!
{
	archiveVersion = 1;
	classes = {
	};
	objectVersion = 46;
	objects = {

/* Begin PBXBuildFile section */
		16BA96310A7EB9AC001E4983 /* Quartz.framework in Frameworks */ = {isa = PBXBuildFile; fileRef = 16BA96300A7EB9AC001E4983 /* Quartz.framework */; };
		1B37141C1552242A001B63B5 /* v002FBO.m in Sources */ = {isa = PBXBuildFile; fileRef = 1B3714161552242A001B63B5 /* v002FBO.m */; };
		1B37141D1552242A001B63B5 /* v002MasterPluginInterface.m in Sources */ = {isa = PBXBuildFile; fileRef = 1B3714181552242A001B63B5 /* v002MasterPluginInterface.m */; };
		1B37141E1552242A001B63B5 /* v002Shader.m in Sources */ = {isa = PBXBuildFile; fileRef = 1B37141A1552242A001B63B5 /* v002Shader.m */; };
		1BC9AF790F85BA2A004CFCD5 /* v002GPUHSFlowPlugIn.m in Sources */ = {isa = PBXBuildFile; fileRef = 1BC9AF760F85BA2A004CFCD5 /* v002GPUHSFlowPlugIn.m */; };
		1BC9AF7A0F85BA2A004CFCD5 /* v002GPUHSFlowRepositionPlugin.m in Sources */ = {isa = PBXBuildFile; fileRef = 1BC9AF780F85BA2A004CFCD5 /* v002GPUHSFlowRepositionPlugin.m */; };
		1BC9AF8A0F85BC10004CFCD5 /* OpenGL.framework in Frameworks */ = {isa = PBXBuildFile; fileRef = 1BC9AF890F85BC10004CFCD5 /* OpenGL.framework */; };
		1BC9AFE40F85BD45004CFCD5 /* v002.GPUHSFLowFlowRepos.vert in CopyFiles */ = {isa = PBXBuildFile; fileRef = 1BC9AF7B0F85BA38004CFCD5 /* v002.GPUHSFLowFlowRepos.vert */; };
		1BC9AFE50F85BD45004CFCD5 /* v002.GPUHSFLowFlowRepos.frag in CopyFiles */ = {isa = PBXBuildFile; fileRef = 1BC9AF7C0F85BA38004CFCD5 /* v002.GPUHSFLowFlowRepos.frag */; };
		1BC9AFE60F85BD45004CFCD5 /* v002.GPUHSFlow.vert in CopyFiles */ = {isa = PBXBuildFile; fileRef = 1BC9AF7D0F85BA38004CFCD5 /* v002.GPUHSFlow.vert */; };
		1BC9AFE70F85BD45004CFCD5 /* v002.GPUHSFlow.frag in CopyFiles */ = {isa = PBXBuildFile; fileRef = 1BC9AF7E0F85BA38004CFCD5 /* v002.GPUHSFlow.frag */; };
		1BC9B0020F85BDD8004CFCD5 /* v002GPUHSFlowBlurPlugin.m in Sources */ = {isa = PBXBuildFile; fileRef = 1BC9B0010F85BDD8004CFCD5 /* v002GPUHSFlowBlurPlugin.m */; };
		1BC9B0510F85C266004CFCD5 /* v002.GPUHSFLowFlowBlur.frag in CopyFiles */ = {isa = PBXBuildFile; fileRef = 1BC9B02E0F85C074004CFCD5 /* v002.GPUHSFLowFlowBlur.frag */; };
		1BC9B0520F85C266004CFCD5 /* v002.GPUHSFLowFlowBlur.vert in CopyFiles */ = {isa = PBXBuildFile; fileRef = 1BC9B02F0F85C074004CFCD5 /* v002.GPUHSFLowFlowBlur.vert */; };
		8D5B49B4048680CD000E48DA /* Cocoa.framework in Frameworks */ = {isa = PBXBuildFile; fileRef = 1058C7ADFEA557BF11CA2CBB /* Cocoa.framework */; };
/* End PBXBuildFile section */

/* Begin PBXCopyFilesBuildPhase section */
		1BC9AFF30F85BD47004CFCD5 /* CopyFiles */ = {
			isa = PBXCopyFilesBuildPhase;
			buildActionMask = 2147483647;
			dstPath = "";
			dstSubfolderSpec = 7;
			files = (
				1BC9B0510F85C266004CFCD5 /* v002.GPUHSFLowFlowBlur.frag in CopyFiles */,
				1BC9B0520F85C266004CFCD5 /* v002.GPUHSFLowFlowBlur.vert in CopyFiles */,
				1BC9AFE40F85BD45004CFCD5 /* v002.GPUHSFLowFlowRepos.vert in CopyFiles */,
				1BC9AFE50F85BD45004CFCD5 /* v002.GPUHSFLowFlowRepos.frag in CopyFiles */,
				1BC9AFE60F85BD45004CFCD5 /* v002.GPUHSFlow.vert in CopyFiles */,
				1BC9AFE70F85BD45004CFCD5 /* v002.GPUHSFlow.frag in CopyFiles */,
			);
			runOnlyForDeploymentPostprocessing = 0;
		};
/* End PBXCopyFilesBuildPhase section */

/* Begin PBXFileReference section */
		1058C7ADFEA557BF11CA2CBB /* Cocoa.framework */ = {isa = PBXFileReference; lastKnownFileType = wrapper.framework; name = Cocoa.framework; path = /System/Library/Frameworks/Cocoa.framework; sourceTree = "<absolute>"; };
		16AA5C440A7EEE7300888E31 /* v002 Optical Flow_Prefix.pch */ = {isa = PBXFileReference; fileEncoding = 30; lastKnownFileType = sourcecode.c.h; path = "v002 Optical Flow_Prefix.pch"; sourceTree = "<group>"; };
		16BA96300A7EB9AC001E4983 /* Quartz.framework */ = {isa = PBXFileReference; lastKnownFileType = wrapper.framework; name = Quartz.framework; path = /System/Library/Frameworks/Quartz.framework; sourceTree = "<absolute>"; };
		1B3714131552242A001B63B5 /* icon.icns */ = {isa = PBXFileReference; lastKnownFileType = image.icns; path = icon.icns; sourceTree = "<group>"; };
		1B3714141552242A001B63B5 /* README.md */ = {isa = PBXFileReference; fileEncoding = 4; lastKnownFileType = text; path = README.md; sourceTree = "<group>"; };
		1B3714151552242A001B63B5 /* v002FBO.h */ = {isa = PBXFileReference; fileEncoding = 4; lastKnownFileType = sourcecode.c.h; path = v002FBO.h; sourceTree = "<group>"; };
		1B3714161552242A001B63B5 /* v002FBO.m */ = {isa = PBXFileReference; fileEncoding = 4; lastKnownFileType = sourcecode.c.objc; path = v002FBO.m; sourceTree = "<group>"; };
		1B3714171552242A001B63B5 /* v002MasterPluginInterface.h */ = {isa = PBXFileReference; fileEncoding = 4; lastKnownFileType = sourcecode.c.h; path = v002MasterPluginInterface.h; sourceTree = "<group>"; };
		1B3714181552242A001B63B5 /* v002MasterPluginInterface.m */ = {isa = PBXFileReference; fileEncoding = 4; lastKnownFileType = sourcecode.c.objc; path = v002MasterPluginInterface.m; sourceTree = "<group>"; };
		1B3714191552242A001B63B5 /* v002Shader.h */ = {isa = PBXFileReference; fileEncoding = 4; lastKnownFileType = sourcecode.c.h; path = v002Shader.h; sourceTree = "<group>"; };
		1B37141A1552242A001B63B5 /* v002Shader.m */ = {isa = PBXFileReference; fileEncoding = 4; lastKnownFileType = sourcecode.c.objc; path = v002Shader.m; sourceTree = "<group>"; };
		1B37141B1552242A001B63B5 /* v002UniqueClassNames.h */ = {isa = PBXFileReference; fileEncoding = 4; lastKnownFileType = sourcecode.c.h; path = v002UniqueClassNames.h; sourceTree = "<group>"; };
		1BC9AF750F85BA2A004CFCD5 /* v002GPUHSFlowPlugIn.h */ = {isa = PBXFileReference; fileEncoding = 4; lastKnownFileType = sourcecode.c.h; path = v002GPUHSFlowPlugIn.h; sourceTree = "<group>"; };
		1BC9AF760F85BA2A004CFCD5 /* v002GPUHSFlowPlugIn.m */ = {isa = PBXFileReference; fileEncoding = 4; lastKnownFileType = sourcecode.c.objc; path = v002GPUHSFlowPlugIn.m; sourceTree = "<group>"; };
		1BC9AF770F85BA2A004CFCD5 /* v002GPUHSFlowRepositionPlugin.h */ = {isa = PBXFileReference; fileEncoding = 4; lastKnownFileType = sourcecode.c.h; path = v002GPUHSFlowRepositionPlugin.h; sourceTree = "<group>"; };
		1BC9AF780F85BA2A004CFCD5 /* v002GPUHSFlowRepositionPlugin.m */ = {isa = PBXFileReference; fileEncoding = 4; lastKnownFileType = sourcecode.c.objc; path = v002GPUHSFlowRepositionPlugin.m; sourceTree = "<group>"; };
		1BC9AF7B0F85BA38004CFCD5 /* v002.GPUHSFLowFlowRepos.vert */ = {isa = PBXFileReference; fileEncoding = 4; lastKnownFileType = text; path = v002.GPUHSFLowFlowRepos.vert; sourceTree = "<group>"; };
		1BC9AF7C0F85BA38004CFCD5 /* v002.GPUHSFLowFlowRepos.frag */ = {isa = PBXFileReference; fileEncoding = 4; lastKnownFileType = text; path = v002.GPUHSFLowFlowRepos.frag; sourceTree = "<group>"; };
		1BC9AF7D0F85BA38004CFCD5 /* v002.GPUHSFlow.vert */ = {isa = PBXFileReference; fileEncoding = 4; lastKnownFileType = text; path = v002.GPUHSFlow.vert; sourceTree = "<group>"; };
		1BC9AF7E0F85BA38004CFCD5 /* v002.GPUHSFlow.frag */ = {isa = PBXFileReference; fileEncoding = 4; lastKnownFileType = text; path = v002.GPUHSFlow.frag; sourceTree = "<group>"; };
		1BC9AF890F85BC10004CFCD5 /* OpenGL.framework */ = {isa = PBXFileReference; lastKnownFileType = wrapper.framework; name = OpenGL.framework; path = /System/Library/Frameworks/OpenGL.framework; sourceTree = "<absolute>"; };
		1BC9B0000F85BDD8004CFCD5 /* v002GPUHSFlowBlurPlugin.h */ = {isa = PBXFileReference; fileEncoding = 4; lastKnownFileType = sourcecode.c.h; path = v002GPUHSFlowBlurPlugin.h; sourceTree = "<group>"; };
		1BC9B0010F85BDD8004CFCD5 /* v002GPUHSFlowBlurPlugin.m */ = {isa = PBXFileReference; fileEncoding = 4; lastKnownFileType = sourcecode.c.objc; path = v002GPUHSFlowBlurPlugin.m; sourceTree = "<group>"; };
		1BC9B02E0F85C074004CFCD5 /* v002.GPUHSFLowFlowBlur.frag */ = {isa = PBXFileReference; fileEncoding = 4; lastKnownFileType = text; path = v002.GPUHSFLowFlowBlur.frag; sourceTree = "<group>"; };
		1BC9B02F0F85C074004CFCD5 /* v002.GPUHSFLowFlowBlur.vert */ = {isa = PBXFileReference; fileEncoding = 4; lastKnownFileType = text; path = v002.GPUHSFLowFlowBlur.vert; sourceTree = "<group>"; };
		8D5B49B6048680CD000E48DA /* v002 Optical Flow.plugin */ = {isa = PBXFileReference; explicitFileType = wrapper.cfbundle; includeInIndex = 0; path = "v002 Optical Flow.plugin"; sourceTree = BUILT_PRODUCTS_DIR; };
		8D5B49B7048680CD000E48DA /* Info.plist */ = {isa = PBXFileReference; fileEncoding = 4; lastKnownFileType = text.plist.xml; path = Info.plist; sourceTree = "<group>"; };
/* End PBXFileReference section */

/* Begin PBXFrameworksBuildPhase section */
		8D5B49B3048680CD000E48DA /* Frameworks */ = {
			isa = PBXFrameworksBuildPhase;
			buildActionMask = 2147483647;
			files = (
				8D5B49B4048680CD000E48DA /* Cocoa.framework in Frameworks */,
				16BA96310A7EB9AC001E4983 /* Quartz.framework in Frameworks */,
				1BC9AF8A0F85BC10004CFCD5 /* OpenGL.framework in Frameworks */,
			);
			runOnlyForDeploymentPostprocessing = 0;
		};
/* End PBXFrameworksBuildPhase section */

/* Begin PBXGroup section */
		089C166AFE841209C02AAC07 /* Quartz Composer Plug In */ = {
			isa = PBXGroup;
			children = (
				08FB77AFFE84173DC02AAC07 /* Classes */,
				32C88E010371C26100C91783 /* Other Sources */,
				089C167CFE841241C02AAC07 /* Resources */,
				089C1671FE841209C02AAC07 /* Frameworks */,
				19C28FB8FE9D52D311CA2CBB /* Products */,
			);
			name = "Quartz Composer Plug In";
			sourceTree = "<group>";
		};
		089C1671FE841209C02AAC07 /* Frameworks */ = {
			isa = PBXGroup;
			children = (
				1BC9AF890F85BC10004CFCD5 /* OpenGL.framework */,
				16BA96300A7EB9AC001E4983 /* Quartz.framework */,
				1058C7ADFEA557BF11CA2CBB /* Cocoa.framework */,
			);
			name = Frameworks;
			sourceTree = "<group>";
		};
		089C167CFE841241C02AAC07 /* Resources */ = {
			isa = PBXGroup;
			children = (
				1BC9AF7B0F85BA38004CFCD5 /* v002.GPUHSFLowFlowRepos.vert */,
				1BC9AF7C0F85BA38004CFCD5 /* v002.GPUHSFLowFlowRepos.frag */,
				1BC9AF7D0F85BA38004CFCD5 /* v002.GPUHSFlow.vert */,
				1BC9AF7E0F85BA38004CFCD5 /* v002.GPUHSFlow.frag */,
				1BC9B02F0F85C074004CFCD5 /* v002.GPUHSFLowFlowBlur.vert */,
				1BC9B02E0F85C074004CFCD5 /* v002.GPUHSFLowFlowBlur.frag */,
				8D5B49B7048680CD000E48DA /* Info.plist */,
			);
			name = Resources;
			sourceTree = "<group>";
		};
		08FB77AFFE84173DC02AAC07 /* Classes */ = {
			isa = PBXGroup;
			children = (
				1B3714121552242A001B63B5 /* v002 Utilities */,
				1BC9AF750F85BA2A004CFCD5 /* v002GPUHSFlowPlugIn.h */,
				1BC9AF760F85BA2A004CFCD5 /* v002GPUHSFlowPlugIn.m */,
				1BC9AF770F85BA2A004CFCD5 /* v002GPUHSFlowRepositionPlugin.h */,
				1BC9AF780F85BA2A004CFCD5 /* v002GPUHSFlowRepositionPlugin.m */,
				1BC9B0000F85BDD8004CFCD5 /* v002GPUHSFlowBlurPlugin.h */,
				1BC9B0010F85BDD8004CFCD5 /* v002GPUHSFlowBlurPlugin.m */,
			);
			name = Classes;
			sourceTree = "<group>";
		};
		19C28FB8FE9D52D311CA2CBB /* Products */ = {
			isa = PBXGroup;
			children = (
				8D5B49B6048680CD000E48DA /* v002 Optical Flow.plugin */,
			);
			name = Products;
			sourceTree = "<group>";
		};
		1B3714121552242A001B63B5 /* v002 Utilities */ = {
			isa = PBXGroup;
			children = (
				1B3714131552242A001B63B5 /* icon.icns */,
				1B3714141552242A001B63B5 /* README.md */,
				1B3714151552242A001B63B5 /* v002FBO.h */,
				1B3714161552242A001B63B5 /* v002FBO.m */,
				1B3714171552242A001B63B5 /* v002MasterPluginInterface.h */,
				1B3714181552242A001B63B5 /* v002MasterPluginInterface.m */,
				1B3714191552242A001B63B5 /* v002Shader.h */,
				1B37141A1552242A001B63B5 /* v002Shader.m */,
				1B37141B1552242A001B63B5 /* v002UniqueClassNames.h */,
			);
			path = "v002 Utilities";
			sourceTree = "<group>";
		};
		32C88E010371C26100C91783 /* Other Sources */ = {
			isa = PBXGroup;
			children = (
				16AA5C440A7EEE7300888E31 /* v002 Optical Flow_Prefix.pch */,
			);
			name = "Other Sources";
			sourceTree = "<group>";
		};
/* End PBXGroup section */

/* Begin PBXNativeTarget section */
		8D5B49AC048680CD000E48DA /* v002 Optical Flow */ = {
			isa = PBXNativeTarget;
			buildConfigurationList = 1DEB913A08733D840010E9CD /* Build configuration list for PBXNativeTarget "v002 Optical Flow" */;
			buildPhases = (
				8D5B49B1048680CD000E48DA /* Sources */,
				8D5B49B3048680CD000E48DA /* Frameworks */,
				1BC9AFF30F85BD47004CFCD5 /* CopyFiles */,
				1B884FAE15C10162009AB948 /* ShellScript */,
			);
			buildRules = (
			);
			dependencies = (
			);
			name = "v002 Optical Flow";
			productInstallPath = "$(HOME)/Library/Bundles";
			productName = "Quartz Composer Plug In";
			productReference = 8D5B49B6048680CD000E48DA /* v002 Optical Flow.plugin */;
			productType = "com.apple.product-type.bundle";
		};
/* End PBXNativeTarget section */

/* Begin PBXProject section */
		089C1669FE841209C02AAC07 /* Project object */ = {
			isa = PBXProject;
			attributes = {
				LastUpgradeCheck = 0500;
			};
			buildConfigurationList = 1DEB913E08733D840010E9CD /* Build configuration list for PBXProject "v002 Optical Flow" */;
			compatibilityVersion = "Xcode 3.2";
			developmentRegion = English;
			hasScannedForEncodings = 1;
			knownRegions = (
				English,
				Japanese,
				French,
				German,
			);
			mainGroup = 089C166AFE841209C02AAC07 /* Quartz Composer Plug In */;
			projectDirPath = "";
			projectRoot = "";
			targets = (
				8D5B49AC048680CD000E48DA /* v002 Optical Flow */,
			);
		};
/* End PBXProject section */

/* Begin PBXShellScriptBuildPhase section */
		1B884FAE15C10162009AB948 /* ShellScript */ = {
			isa = PBXShellScriptBuildPhase;
			buildActionMask = 2147483647;
			files = (
			);
			inputPaths = (
			);
			outputPaths = (
			);
			runOnlyForDeploymentPostprocessing = 0;
			shellPath = /bin/sh;
			shellScript = "# This shell script simply copies the built plug-in to \"~/Library/Graphics/Quartz Composer Plug-Ins\" and overrides any previous version at that location\n\nmkdir -p \"$USER_LIBRARY_DIR/Graphics/Quartz Composer Plug-Ins\"\nrm -rf \"$USER_LIBRARY_DIR/Graphics/Quartz Composer Plug-Ins/v002 Optical Flow.plugin\"\ncp -rf \"$BUILT_PRODUCTS_DIR/v002 Optical Flow.plugin\" \"$USER_LIBRARY_DIR/Graphics/Quartz Composer Plug-Ins/\"\n";
		};
/* End PBXShellScriptBuildPhase section */

/* Begin PBXSourcesBuildPhase section */
		8D5B49B1048680CD000E48DA /* Sources */ = {
			isa = PBXSourcesBuildPhase;
			buildActionMask = 2147483647;
			files = (
				1BC9AF790F85BA2A004CFCD5 /* v002GPUHSFlowPlugIn.m in Sources */,
				1BC9AF7A0F85BA2A004CFCD5 /* v002GPUHSFlowRepositionPlugin.m in Sources */,
				1BC9B0020F85BDD8004CFCD5 /* v002GPUHSFlowBlurPlugin.m in Sources */,
				1B37141C1552242A001B63B5 /* v002FBO.m in Sources */,
				1B37141D1552242A001B63B5 /* v002MasterPluginInterface.m in Sources */,
				1B37141E1552242A001B63B5 /* v002Shader.m in Sources */,
			);
			runOnlyForDeploymentPostprocessing = 0;
		};
/* End PBXSourcesBuildPhase section */

/* Begin XCBuildConfiguration section */
		1DEB913B08733D840010E9CD /* Debug */ = {
			isa = XCBuildConfiguration;
			buildSettings = {
				COMBINE_HIDPI_IMAGES = YES;
				COPY_PHASE_STRIP = NO;
				GCC_DYNAMIC_NO_PIC = NO;
				GCC_ENABLE_FIX_AND_CONTINUE = YES;
				GCC_ENABLE_OBJC_GC = supported;
				GCC_MODEL_TUNING = G5;
				GCC_OPTIMIZATION_LEVEL = 0;
				GCC_PRECOMPILE_PREFIX_HEADER = YES;
				GCC_PREFIX_HEADER = "v002 Optical Flow_Prefix.pch";
				GCC_PREPROCESSOR_DEFINITIONS = "V002_UNIQUE_CLASS_NAME_PREFIX=v002OpticalFlow";
				INFOPLIST_FILE = Info.plist;
				INSTALL_PATH = "$(HOME)/Library/Graphics/Quartz Composer Plug-Ins";
				MACOSX_DEPLOYMENT_TARGET = 10.6;
				PRODUCT_NAME = "v002 Optical Flow";
				SDKROOT = macosx;
				WRAPPER_EXTENSION = plugin;
				ZERO_LINK = YES;
			};
			name = Debug;
		};
		1DEB913C08733D840010E9CD /* Release */ = {
			isa = XCBuildConfiguration;
			buildSettings = {
				COMBINE_HIDPI_IMAGES = YES;
				DEBUG_INFORMATION_FORMAT = "dwarf-with-dsym";
				GCC_ENABLE_OBJC_GC = supported;
				GCC_MODEL_TUNING = G5;
				GCC_PRECOMPILE_PREFIX_HEADER = YES;
				GCC_PREFIX_HEADER = "v002 Optical Flow_Prefix.pch";
				GCC_PREPROCESSOR_DEFINITIONS = "V002_UNIQUE_CLASS_NAME_PREFIX=v002OpticalFlow";
				INFOPLIST_FILE = Info.plist;
				INSTALL_PATH = "$(HOME)/Library/Graphics/Quartz Composer Plug-Ins";
				MACOSX_DEPLOYMENT_TARGET = 10.6;
				PRODUCT_NAME = "v002 Optical Flow";
				SDKROOT = macosx;
				WRAPPER_EXTENSION = plugin;
			};
			name = Release;
		};
		1DEB913F08733D840010E9CD /* Debug */ = {
			isa = XCBuildConfiguration;
			buildSettings = {
				ARCHS = "$(ARCHS_STANDARD_32_64_BIT)";
				GCC_C_LANGUAGE_STANDARD = c99;
				GCC_WARN_ABOUT_RETURN_TYPE = YES;
				GCC_WARN_UNUSED_VARIABLE = YES;
				ONLY_ACTIVE_ARCH = YES;
				SDKROOT = macosx;
			};
			name = Debug;
		};
		1DEB914008733D840010E9CD /* Release */ = {
			isa = XCBuildConfiguration;
			buildSettings = {
				ARCHS = "$(ARCHS_STANDARD_32_64_BIT)";
				GCC_C_LANGUAGE_STANDARD = c99;
				GCC_VERSION = com.apple.compilers.llvm.clang.1_0;
				GCC_WARN_ABOUT_RETURN_TYPE = YES;
				GCC_WARN_UNUSED_VARIABLE = YES;
				SDKROOT = macosx;
			};
			name = Release;
		};
/* End XCBuildConfiguration section */

/* Begin XCConfigurationList section */
		1DEB913A08733D840010E9CD /* Build configuration list for PBXNativeTarget "v002 Optical Flow" */ = {
			isa = XCConfigurationList;
			buildConfigurations = (
				1DEB913B08733D840010E9CD /* Debug */,
				1DEB913C08733D840010E9CD /* Release */,
			);
			defaultConfigurationIsVisible = 0;
			defaultConfigurationName = Release;
		};
		1DEB913E08733D840010E9CD /* Build configuration list for PBXProject "v002 Optical Flow" */ = {
			isa = XCConfigurationList;
			buildConfigurations = (
				1DEB913F08733D840010E9CD /* Debug */,
				1DEB914008733D840010E9CD /* Release */,
			);
			defaultConfigurationIsVisible = 0;
			defaultConfigurationName = Release;
		};
/* End XCConfigurationList section */
	};
	rootObject = 089C1669FE841209C02AAC07 /* Project object */;
}
